// !$*UTF8*$!
{
	archiveVersion = 1;
	classes = {
	};
	objectVersion = 46;
	objects = {

/* Begin PBXBuildFile section */
		2470ECE4201FEE6F00C68143 /* Assets.xcassets in Resources */ = {isa = PBXBuildFile; fileRef = 2470ECD1201FEE6F00C68143 /* Assets.xcassets */; };
		2470ECE6201FEE6F00C68143 /* AppDelegate.swift in Sources */ = {isa = PBXBuildFile; fileRef = 2470ECD4201FEE6F00C68143 /* AppDelegate.swift */; };
		2470ECE7201FEE6F00C68143 /* EndpointManager.swift in Sources */ = {isa = PBXBuildFile; fileRef = 2470ECD7201FEE6F00C68143 /* EndpointManager.swift */; };
		2470ECE8201FEE6F00C68143 /* ArtistsViewController.swift in Sources */ = {isa = PBXBuildFile; fileRef = 2470ECD8201FEE6F00C68143 /* ArtistsViewController.swift */; };
		2470ECE9201FEE6F00C68143 /* LaunchScreen.storyboard in Resources */ = {isa = PBXBuildFile; fileRef = 2470ECD9201FEE6F00C68143 /* LaunchScreen.storyboard */; };
		2470ECEA201FEE6F00C68143 /* Main.storyboard in Resources */ = {isa = PBXBuildFile; fileRef = 2470ECDB201FEE6F00C68143 /* Main.storyboard */; };
		2470ECEC201FEE6F00C68143 /* Commons.swift in Sources */ = {isa = PBXBuildFile; fileRef = 2470ECDF201FEE6F00C68143 /* Commons.swift */; };
		2470ECEE201FEE6F00C68143 /* SongController.swift in Sources */ = {isa = PBXBuildFile; fileRef = 2470ECE1201FEE6F00C68143 /* SongController.swift */; };
		2470ECEF201FEE6F00C68143 /* SplashScreenController.swift in Sources */ = {isa = PBXBuildFile; fileRef = 2470ECE2201FEE6F00C68143 /* SplashScreenController.swift */; };
		2470ECF6201FF0AC00C68143 /* BasicRestApiCallback.swift in Sources */ = {isa = PBXBuildFile; fileRef = 2470ECF3201FF0AC00C68143 /* BasicRestApiCallback.swift */; };
		2470ECF7201FF0AC00C68143 /* QuietBasicRestApiCallback.swift in Sources */ = {isa = PBXBuildFile; fileRef = 2470ECF4201FF0AC00C68143 /* QuietBasicRestApiCallback.swift */; };
		2470ECF8201FF0AC00C68143 /* SimpleRestApiCallback.swift in Sources */ = {isa = PBXBuildFile; fileRef = 2470ECF5201FF0AC00C68143 /* SimpleRestApiCallback.swift */; };
		2470ED09201FF12100C68143 /* ApplicationHttpClientConfig.swift in Sources */ = {isa = PBXBuildFile; fileRef = 2470ECFB201FF12100C68143 /* ApplicationHttpClientConfig.swift */; };
		2470ED0A201FF12100C68143 /* RestApiVersion.swift in Sources */ = {isa = PBXBuildFile; fileRef = 2470ECFC201FF12100C68143 /* RestApiVersion.swift */; };
		2470ED0E201FF12100C68143 /* RelationTaskProtocol.swift in Sources */ = {isa = PBXBuildFile; fileRef = 2470ED03201FF12100C68143 /* RelationTaskProtocol.swift */; };
		2470ED0F201FF12100C68143 /* AuthorizationError.swift in Sources */ = {isa = PBXBuildFile; fileRef = 2470ED06201FF12100C68143 /* AuthorizationError.swift */; };
		2470ED10201FF12100C68143 /* ApiVersionRequestInterceptor.swift in Sources */ = {isa = PBXBuildFile; fileRef = 2470ED08201FF12100C68143 /* ApiVersionRequestInterceptor.swift */; };
		2470ED17201FF20C00C68143 /* AlertViewActionHandler.swift in Sources */ = {isa = PBXBuildFile; fileRef = 2470ED12201FF20C00C68143 /* AlertViewActionHandler.swift */; };
		2470ED18201FF20C00C68143 /* AlertViewManager+RestApiError.swift in Sources */ = {isa = PBXBuildFile; fileRef = 2470ED13201FF20C00C68143 /* AlertViewManager+RestApiError.swift */; };
		2470ED19201FF20C00C68143 /* AlertViewManager.swift in Sources */ = {isa = PBXBuildFile; fileRef = 2470ED14201FF20C00C68143 /* AlertViewManager.swift */; };
		2470ED1B201FF20C00C68143 /* ProgressHUDActionHandler.swift in Sources */ = {isa = PBXBuildFile; fileRef = 2470ED16201FF20C00C68143 /* ProgressHUDActionHandler.swift */; };
		2470ED39201FF2C800C68143 /* Localizable.strings in Resources */ = {isa = PBXBuildFile; fileRef = 2470ED1D201FF2C700C68143 /* Localizable.strings */; };
		2470ED3A201FF2C800C68143 /* Localization+Alert.strings in Resources */ = {isa = PBXBuildFile; fileRef = 2470ED1F201FF2C700C68143 /* Localization+Alert.strings */; };
		2470ED3B201FF2C800C68143 /* Localization+Button.strings in Resources */ = {isa = PBXBuildFile; fileRef = 2470ED21201FF2C700C68143 /* Localization+Button.strings */; };
		2470ED3C201FF2C800C68143 /* Localization+Label.strings in Resources */ = {isa = PBXBuildFile; fileRef = 2470ED23201FF2C700C68143 /* Localization+Label.strings */; };
		2470ED3D201FF2C800C68143 /* Localization+TextField.strings in Resources */ = {isa = PBXBuildFile; fileRef = 2470ED25201FF2C700C68143 /* Localization+TextField.strings */; };
		2470ED3E201FF2C800C68143 /* Localization+Title.strings in Resources */ = {isa = PBXBuildFile; fileRef = 2470ED27201FF2C700C68143 /* Localization+Title.strings */; };
		2470ED3F201FF2C800C68143 /* Localization+UI.strings in Resources */ = {isa = PBXBuildFile; fileRef = 2470ED29201FF2C700C68143 /* Localization+UI.strings */; };
		2470ED42201FF3D200C68143 /* R.generated.swift in Sources */ = {isa = PBXBuildFile; fileRef = 2470ED41201FF3D100C68143 /* R.generated.swift */; };
		2470ED43201FF75300C68143 /* libIrbyCoreNet.a in Frameworks */ = {isa = PBXBuildFile; fileRef = 2470ED44201FF75300C68143 /* libIrbyCoreNet.a */; };
		2470ED45201FF75700C68143 /* libIrbyCoreEntities.a in Frameworks */ = {isa = PBXBuildFile; fileRef = 2470ED46201FF75700C68143 /* libIrbyCoreEntities.a */; };
		2489C4B2202277CB00C7A150 /* TopController.swift in Sources */ = {isa = PBXBuildFile; fileRef = 2489C4AA202277CB00C7A150 /* TopController.swift */; };
		2489C4B3202277CB00C7A150 /* .keep in Resources */ = {isa = PBXBuildFile; fileRef = 2489C4AC202277CB00C7A150 /* .keep */; };
		2489C4B4202277CB00C7A150 /* .keep in Resources */ = {isa = PBXBuildFile; fileRef = 2489C4AF202277CB00C7A150 /* .keep */; };
		2489C4B5202277CB00C7A150 /* .keep in Resources */ = {isa = PBXBuildFile; fileRef = 2489C4B1202277CB00C7A150 /* .keep */; };
		2489C4C02022789500C7A150 /* FindOutController.swift in Sources */ = {isa = PBXBuildFile; fileRef = 2489C4B82022789500C7A150 /* FindOutController.swift */; };
		2489C4C12022789500C7A150 /* .keep in Resources */ = {isa = PBXBuildFile; fileRef = 2489C4BA2022789500C7A150 /* .keep */; };
		2489C4C22022789500C7A150 /* .keep in Resources */ = {isa = PBXBuildFile; fileRef = 2489C4BD2022789500C7A150 /* .keep */; };
		2489C4C32022789500C7A150 /* .keep in Resources */ = {isa = PBXBuildFile; fileRef = 2489C4BF2022789500C7A150 /* .keep */; };
		2489C4C520227A4600C7A150 /* UnionStringCell.xib in Resources */ = {isa = PBXBuildFile; fileRef = 2489C4C420227A4600C7A150 /* UnionStringCell.xib */; };
		2489C4C720227B0000C7A150 /* UnionStringCell.swift in Sources */ = {isa = PBXBuildFile; fileRef = 2489C4C620227B0000C7A150 /* UnionStringCell.swift */; };
		2489C4CD20227EF900C7A150 /* UITableView.swift in Sources */ = {isa = PBXBuildFile; fileRef = 2489C4CA20227EF800C7A150 /* UITableView.swift */; };
		2489C4CE20227EF900C7A150 /* UITableViewCell.swift in Sources */ = {isa = PBXBuildFile; fileRef = 2489C4CB20227EF800C7A150 /* UITableViewCell.swift */; };
		2489C4CF20227EF900C7A150 /* UIViewController.swift in Sources */ = {isa = PBXBuildFile; fileRef = 2489C4CC20227EF800C7A150 /* UIViewController.swift */; };
		2489C4D120227F1D00C7A150 /* UIView.swift in Sources */ = {isa = PBXBuildFile; fileRef = 2489C4D020227F1C00C7A150 /* UIView.swift */; };
		2489C4DA20227F3C00C7A150 /* UIColor.swift in Sources */ = {isa = PBXBuildFile; fileRef = 2489C4D220227F3B00C7A150 /* UIColor.swift */; };
		2489C4DC20227F3C00C7A150 /* UITableViewHeaderFooterView.swift in Sources */ = {isa = PBXBuildFile; fileRef = 2489C4D420227F3B00C7A150 /* UITableViewHeaderFooterView.swift */; };
		2489C4DE20227F3C00C7A150 /* UIView+AutoLayoutHide.swift in Sources */ = {isa = PBXBuildFile; fileRef = 2489C4D620227F3C00C7A150 /* UIView+AutoLayoutHide.swift */; };
		2489C4E020227F3C00C7A150 /* UIDevice.swift in Sources */ = {isa = PBXBuildFile; fileRef = 2489C4D820227F3C00C7A150 /* UIDevice.swift */; };
		A0076566509B82ECA4A926DA /* Pods_Irby_Translation_Irby.framework in Frameworks */ = {isa = PBXBuildFile; fileRef = E84F3DFEB4EB4E505178A9FE /* Pods_Irby_Translation_Irby.framework */; };
/* End PBXBuildFile section */

/* Begin PBXFileReference section */
		2470EC23201FE3D100C68143 /* Pods_Irby_Core_Entities.framework */ = {isa = PBXFileReference; explicitFileType = wrapper.framework; path = Pods_Irby_Core_Entities.framework; sourceTree = BUILT_PRODUCTS_DIR; };
		2470EC25201FE3D900C68143 /* Pods_Irby_Core_Net.framework */ = {isa = PBXFileReference; explicitFileType = wrapper.framework; path = Pods_Irby_Core_Net.framework; sourceTree = BUILT_PRODUCTS_DIR; };
		2470ECC9201FE77D00C68143 /* libIrby.Core.Net.a */ = {isa = PBXFileReference; explicitFileType = archive.ar; path = libIrby.Core.Net.a; sourceTree = BUILT_PRODUCTS_DIR; };
		2470ECCB201FE78000C68143 /* libIrby.Core.Entities.a */ = {isa = PBXFileReference; explicitFileType = archive.ar; path = libIrby.Core.Entities.a; sourceTree = BUILT_PRODUCTS_DIR; };
		2470ECCF201FECAD00C68143 /* libIrbyCoreNet.a */ = {isa = PBXFileReference; explicitFileType = archive.ar; path = libIrbyCoreNet.a; sourceTree = BUILT_PRODUCTS_DIR; };
		2470ECD1201FEE6F00C68143 /* Assets.xcassets */ = {isa = PBXFileReference; lastKnownFileType = folder.assetcatalog; path = Assets.xcassets; sourceTree = "<group>"; };
		2470ECD2201FEE6F00C68143 /* Info.plist */ = {isa = PBXFileReference; fileEncoding = 4; lastKnownFileType = text.plist.xml; path = Info.plist; sourceTree = "<group>"; };
		2470ECD4201FEE6F00C68143 /* AppDelegate.swift */ = {isa = PBXFileReference; fileEncoding = 4; lastKnownFileType = sourcecode.swift; path = AppDelegate.swift; sourceTree = "<group>"; };
		2470ECD7201FEE6F00C68143 /* EndpointManager.swift */ = {isa = PBXFileReference; fileEncoding = 4; lastKnownFileType = sourcecode.swift; path = EndpointManager.swift; sourceTree = "<group>"; };
		2470ECD8201FEE6F00C68143 /* ArtistsViewController.swift */ = {isa = PBXFileReference; fileEncoding = 4; lastKnownFileType = sourcecode.swift; path = ArtistsViewController.swift; sourceTree = "<group>"; };
		2470ECDA201FEE6F00C68143 /* Base */ = {isa = PBXFileReference; lastKnownFileType = file.storyboard; name = Base; path = Base.lproj/LaunchScreen.storyboard; sourceTree = "<group>"; };
		2470ECDC201FEE6F00C68143 /* Base */ = {isa = PBXFileReference; lastKnownFileType = file.storyboard; name = Base; path = Base.lproj/Main.storyboard; sourceTree = "<group>"; };
		2470ECDE201FEE6F00C68143 /* Base */ = {isa = PBXFileReference; lastKnownFileType = text; name = Base; path = Base.lproj/untitled; sourceTree = "<group>"; };
		2470ECDF201FEE6F00C68143 /* Commons.swift */ = {isa = PBXFileReference; fileEncoding = 4; lastKnownFileType = sourcecode.swift; path = Commons.swift; sourceTree = "<group>"; };
		2470ECE1201FEE6F00C68143 /* SongController.swift */ = {isa = PBXFileReference; fileEncoding = 4; lastKnownFileType = sourcecode.swift; path = SongController.swift; sourceTree = "<group>"; };
		2470ECE2201FEE6F00C68143 /* SplashScreenController.swift */ = {isa = PBXFileReference; fileEncoding = 4; lastKnownFileType = sourcecode.swift; path = SplashScreenController.swift; sourceTree = "<group>"; };
		2470ECF3201FF0AC00C68143 /* BasicRestApiCallback.swift */ = {isa = PBXFileReference; fileEncoding = 4; lastKnownFileType = sourcecode.swift; path = BasicRestApiCallback.swift; sourceTree = "<group>"; };
		2470ECF4201FF0AC00C68143 /* QuietBasicRestApiCallback.swift */ = {isa = PBXFileReference; fileEncoding = 4; lastKnownFileType = sourcecode.swift; path = QuietBasicRestApiCallback.swift; sourceTree = "<group>"; };
		2470ECF5201FF0AC00C68143 /* SimpleRestApiCallback.swift */ = {isa = PBXFileReference; fileEncoding = 4; lastKnownFileType = sourcecode.swift; path = SimpleRestApiCallback.swift; sourceTree = "<group>"; };
		2470ECFB201FF12100C68143 /* ApplicationHttpClientConfig.swift */ = {isa = PBXFileReference; fileEncoding = 4; lastKnownFileType = sourcecode.swift; path = ApplicationHttpClientConfig.swift; sourceTree = "<group>"; };
		2470ECFC201FF12100C68143 /* RestApiVersion.swift */ = {isa = PBXFileReference; fileEncoding = 4; lastKnownFileType = sourcecode.swift; path = RestApiVersion.swift; sourceTree = "<group>"; };
		2470ED03201FF12100C68143 /* RelationTaskProtocol.swift */ = {isa = PBXFileReference; fileEncoding = 4; lastKnownFileType = sourcecode.swift; path = RelationTaskProtocol.swift; sourceTree = "<group>"; };
		2470ED06201FF12100C68143 /* AuthorizationError.swift */ = {isa = PBXFileReference; fileEncoding = 4; lastKnownFileType = sourcecode.swift; path = AuthorizationError.swift; sourceTree = "<group>"; };
		2470ED08201FF12100C68143 /* ApiVersionRequestInterceptor.swift */ = {isa = PBXFileReference; fileEncoding = 4; lastKnownFileType = sourcecode.swift; path = ApiVersionRequestInterceptor.swift; sourceTree = "<group>"; };
		2470ED12201FF20C00C68143 /* AlertViewActionHandler.swift */ = {isa = PBXFileReference; fileEncoding = 4; lastKnownFileType = sourcecode.swift; path = AlertViewActionHandler.swift; sourceTree = "<group>"; };
		2470ED13201FF20C00C68143 /* AlertViewManager+RestApiError.swift */ = {isa = PBXFileReference; fileEncoding = 4; lastKnownFileType = sourcecode.swift; path = "AlertViewManager+RestApiError.swift"; sourceTree = "<group>"; };
		2470ED14201FF20C00C68143 /* AlertViewManager.swift */ = {isa = PBXFileReference; fileEncoding = 4; lastKnownFileType = sourcecode.swift; path = AlertViewManager.swift; sourceTree = "<group>"; };
		2470ED16201FF20C00C68143 /* ProgressHUDActionHandler.swift */ = {isa = PBXFileReference; fileEncoding = 4; lastKnownFileType = sourcecode.swift; path = ProgressHUDActionHandler.swift; sourceTree = "<group>"; };
		2470ED1E201FF2C700C68143 /* Base */ = {isa = PBXFileReference; lastKnownFileType = text.plist.strings; name = Base; path = Base.lproj/Localizable.strings; sourceTree = "<group>"; };
		2470ED20201FF2C700C68143 /* Base */ = {isa = PBXFileReference; lastKnownFileType = text.plist.strings; name = Base; path = "Base.lproj/Localization+Alert.strings"; sourceTree = "<group>"; };
		2470ED22201FF2C700C68143 /* Base */ = {isa = PBXFileReference; lastKnownFileType = text.plist.strings; name = Base; path = "Base.lproj/Localization+Button.strings"; sourceTree = "<group>"; };
		2470ED24201FF2C700C68143 /* Base */ = {isa = PBXFileReference; lastKnownFileType = text.plist.strings; name = Base; path = "Base.lproj/Localization+Label.strings"; sourceTree = "<group>"; };
		2470ED26201FF2C700C68143 /* Base */ = {isa = PBXFileReference; lastKnownFileType = text.plist.strings; name = Base; path = "Base.lproj/Localization+TextField.strings"; sourceTree = "<group>"; };
		2470ED28201FF2C700C68143 /* Base */ = {isa = PBXFileReference; lastKnownFileType = text.plist.strings; name = Base; path = "Base.lproj/Localization+Title.strings"; sourceTree = "<group>"; };
		2470ED2A201FF2C700C68143 /* Base */ = {isa = PBXFileReference; lastKnownFileType = text.plist.strings; name = Base; path = "Base.lproj/Localization+UI.strings"; sourceTree = "<group>"; };
		2470ED2B201FF2C700C68143 /* en */ = {isa = PBXFileReference; lastKnownFileType = text.plist.strings; name = en; path = en.lproj/Localizable.strings; sourceTree = "<group>"; };
		2470ED2C201FF2C700C68143 /* en */ = {isa = PBXFileReference; lastKnownFileType = text.plist.strings; name = en; path = "en.lproj/Localization+Alert.strings"; sourceTree = "<group>"; };
		2470ED2D201FF2C700C68143 /* en */ = {isa = PBXFileReference; lastKnownFileType = text.plist.strings; name = en; path = "en.lproj/Localization+Button.strings"; sourceTree = "<group>"; };
		2470ED2E201FF2C700C68143 /* en */ = {isa = PBXFileReference; lastKnownFileType = text.plist.strings; name = en; path = "en.lproj/Localization+Label.strings"; sourceTree = "<group>"; };
		2470ED2F201FF2C700C68143 /* en */ = {isa = PBXFileReference; lastKnownFileType = text.plist.strings; name = en; path = "en.lproj/Localization+TextField.strings"; sourceTree = "<group>"; };
		2470ED30201FF2C700C68143 /* en */ = {isa = PBXFileReference; lastKnownFileType = text.plist.strings; name = en; path = "en.lproj/Localization+Title.strings"; sourceTree = "<group>"; };
		2470ED31201FF2C700C68143 /* en */ = {isa = PBXFileReference; lastKnownFileType = text.plist.strings; name = en; path = "en.lproj/Localization+UI.strings"; sourceTree = "<group>"; };
		2470ED41201FF3D100C68143 /* R.generated.swift */ = {isa = PBXFileReference; fileEncoding = 4; lastKnownFileType = sourcecode.swift; path = R.generated.swift; sourceTree = "<group>"; };
		2470ED44201FF75300C68143 /* libIrbyCoreNet.a */ = {isa = PBXFileReference; explicitFileType = archive.ar; path = libIrbyCoreNet.a; sourceTree = BUILT_PRODUCTS_DIR; };
		2470ED46201FF75700C68143 /* libIrbyCoreEntities.a */ = {isa = PBXFileReference; explicitFileType = archive.ar; path = libIrbyCoreEntities.a; sourceTree = BUILT_PRODUCTS_DIR; };
		2489C4AA202277CB00C7A150 /* TopController.swift */ = {isa = PBXFileReference; fileEncoding = 4; lastKnownFileType = sourcecode.swift; path = TopController.swift; sourceTree = "<group>"; };
		2489C4AC202277CB00C7A150 /* .keep */ = {isa = PBXFileReference; fileEncoding = 4; lastKnownFileType = text; path = .keep; sourceTree = "<group>"; };
		2489C4AF202277CB00C7A150 /* .keep */ = {isa = PBXFileReference; fileEncoding = 4; lastKnownFileType = text; path = .keep; sourceTree = "<group>"; };
		2489C4B1202277CB00C7A150 /* .keep */ = {isa = PBXFileReference; fileEncoding = 4; lastKnownFileType = text; path = .keep; sourceTree = "<group>"; };
		2489C4B82022789500C7A150 /* FindOutController.swift */ = {isa = PBXFileReference; fileEncoding = 4; lastKnownFileType = sourcecode.swift; path = FindOutController.swift; sourceTree = "<group>"; };
		2489C4BA2022789500C7A150 /* .keep */ = {isa = PBXFileReference; fileEncoding = 4; lastKnownFileType = text; path = .keep; sourceTree = "<group>"; };
		2489C4BD2022789500C7A150 /* .keep */ = {isa = PBXFileReference; fileEncoding = 4; lastKnownFileType = text; path = .keep; sourceTree = "<group>"; };
		2489C4BF2022789500C7A150 /* .keep */ = {isa = PBXFileReference; fileEncoding = 4; lastKnownFileType = text; path = .keep; sourceTree = "<group>"; };
		2489C4C420227A4600C7A150 /* UnionStringCell.xib */ = {isa = PBXFileReference; lastKnownFileType = file.xib; path = UnionStringCell.xib; sourceTree = "<group>"; };
		2489C4C620227B0000C7A150 /* UnionStringCell.swift */ = {isa = PBXFileReference; fileEncoding = 4; lastKnownFileType = sourcecode.swift; path = UnionStringCell.swift; sourceTree = "<group>"; };
		2489C4CA20227EF800C7A150 /* UITableView.swift */ = {isa = PBXFileReference; fileEncoding = 4; lastKnownFileType = sourcecode.swift; path = UITableView.swift; sourceTree = "<group>"; };
		2489C4CB20227EF800C7A150 /* UITableViewCell.swift */ = {isa = PBXFileReference; fileEncoding = 4; lastKnownFileType = sourcecode.swift; path = UITableViewCell.swift; sourceTree = "<group>"; };
		2489C4CC20227EF800C7A150 /* UIViewController.swift */ = {isa = PBXFileReference; fileEncoding = 4; lastKnownFileType = sourcecode.swift; path = UIViewController.swift; sourceTree = "<group>"; };
		2489C4D020227F1C00C7A150 /* UIView.swift */ = {isa = PBXFileReference; fileEncoding = 4; lastKnownFileType = sourcecode.swift; path = UIView.swift; sourceTree = "<group>"; };
		2489C4D220227F3B00C7A150 /* UIColor.swift */ = {isa = PBXFileReference; fileEncoding = 4; lastKnownFileType = sourcecode.swift; path = UIColor.swift; sourceTree = "<group>"; };
		2489C4D420227F3B00C7A150 /* UITableViewHeaderFooterView.swift */ = {isa = PBXFileReference; fileEncoding = 4; lastKnownFileType = sourcecode.swift; path = UITableViewHeaderFooterView.swift; sourceTree = "<group>"; };
		2489C4D620227F3C00C7A150 /* UIView+AutoLayoutHide.swift */ = {isa = PBXFileReference; fileEncoding = 4; lastKnownFileType = sourcecode.swift; path = "UIView+AutoLayoutHide.swift"; sourceTree = "<group>"; };
		2489C4D820227F3C00C7A150 /* UIDevice.swift */ = {isa = PBXFileReference; fileEncoding = 4; lastKnownFileType = sourcecode.swift; path = UIDevice.swift; sourceTree = "<group>"; };
		48A7F23EA100D1433E647C47 /* Pods-Irby1-Irby.release.xcconfig */ = {isa = PBXFileReference; includeInIndex = 1; lastKnownFileType = text.xcconfig; name = "Pods-Irby1-Irby.release.xcconfig"; path = "../../../CocoaPods/Pods/Target Support Files/Pods-Irby1-Irby/Pods-Irby1-Irby.release.xcconfig"; sourceTree = "<group>"; };
		4B2F7F711DF362F000E772CB /* Irby.app */ = {isa = PBXFileReference; explicitFileType = wrapper.application; includeInIndex = 0; path = Irby.app; sourceTree = BUILT_PRODUCTS_DIR; };
		520D040051B9F4C66A6046EB /* Pods-Irby.Translation-Irby.debug.xcconfig */ = {isa = PBXFileReference; includeInIndex = 1; lastKnownFileType = text.xcconfig; name = "Pods-Irby.Translation-Irby.debug.xcconfig"; path = "../../../CocoaPods/Pods/Target Support Files/Pods-Irby.Translation-Irby/Pods-Irby.Translation-Irby.debug.xcconfig"; sourceTree = "<group>"; };
		7B4DBEF8355C89C84D4B9322 /* Pods-Irby.Translation-Irby.release.xcconfig */ = {isa = PBXFileReference; includeInIndex = 1; lastKnownFileType = text.xcconfig; name = "Pods-Irby.Translation-Irby.release.xcconfig"; path = "../../../CocoaPods/Pods/Target Support Files/Pods-Irby.Translation-Irby/Pods-Irby.Translation-Irby.release.xcconfig"; sourceTree = "<group>"; };
		B055F5AB9AE9E3A6DC49651B /* Pods_Irby1_Irby.framework */ = {isa = PBXFileReference; explicitFileType = wrapper.framework; includeInIndex = 0; path = Pods_Irby1_Irby.framework; sourceTree = BUILT_PRODUCTS_DIR; };
		CC8808CF34A0ABC272756C29 /* Pods-Irby1-Irby.debug.xcconfig */ = {isa = PBXFileReference; includeInIndex = 1; lastKnownFileType = text.xcconfig; name = "Pods-Irby1-Irby.debug.xcconfig"; path = "../../../CocoaPods/Pods/Target Support Files/Pods-Irby1-Irby/Pods-Irby1-Irby.debug.xcconfig"; sourceTree = "<group>"; };
		E84F3DFEB4EB4E505178A9FE /* Pods_Irby_Translation_Irby.framework */ = {isa = PBXFileReference; explicitFileType = wrapper.framework; includeInIndex = 0; path = Pods_Irby_Translation_Irby.framework; sourceTree = BUILT_PRODUCTS_DIR; };
/* End PBXFileReference section */

/* Begin PBXFrameworksBuildPhase section */
		4B2F7F6E1DF362F000E772CB /* Frameworks */ = {
			isa = PBXFrameworksBuildPhase;
			buildActionMask = 2147483647;
			files = (
				2470ED45201FF75700C68143 /* libIrbyCoreEntities.a in Frameworks */,
				2470ED43201FF75300C68143 /* libIrbyCoreNet.a in Frameworks */,
				A0076566509B82ECA4A926DA /* Pods_Irby_Translation_Irby.framework in Frameworks */,
			);
			runOnlyForDeploymentPostprocessing = 0;
		};
/* End PBXFrameworksBuildPhase section */

/* Begin PBXGroup section */
		2470ECD0201FEE6F00C68143 /* Resources */ = {
			isa = PBXGroup;
			children = (
				2470ED41201FF3D100C68143 /* R.generated.swift */,
				2470ECD1201FEE6F00C68143 /* Assets.xcassets */,
				2470ECD2201FEE6F00C68143 /* Info.plist */,
			);
			path = Resources;
			sourceTree = "<group>";
		};
		2470ECD3201FEE6F00C68143 /* Sources */ = {
			isa = PBXGroup;
			children = (
				2489C4A62022775100C7A150 /* UI */,
				2470ECD4201FEE6F00C68143 /* AppDelegate.swift */,
				2470ECD5201FEE6F00C68143 /* Application */,
				2489C4C820227EF800C7A150 /* Extension */,
				2470ECF1201FF0AC00C68143 /* Network */,
				2470ED1C201FF2C700C68143 /* Localization */,
				2470ECD8201FEE6F00C68143 /* ArtistsViewController.swift */,
				2470ECD9201FEE6F00C68143 /* LaunchScreen.storyboard */,
				2470ECDB201FEE6F00C68143 /* Main.storyboard */,
				2470ECDD201FEE6F00C68143 /* untitled */,
				2470ECDF201FEE6F00C68143 /* Commons.swift */,
				2470ECE1201FEE6F00C68143 /* SongController.swift */,
				2470ECE2201FEE6F00C68143 /* SplashScreenController.swift */,
			);
			path = Sources;
			sourceTree = "<group>";
		};
		2470ECD5201FEE6F00C68143 /* Application */ = {
			isa = PBXGroup;
			children = (
				2470ECD6201FEE6F00C68143 /* Manager */,
			);
			path = Application;
			sourceTree = "<group>";
		};
		2470ECD6201FEE6F00C68143 /* Manager */ = {
			isa = PBXGroup;
			children = (
				2470ED11201FF20C00C68143 /* AlertView */,
				2470ECD7201FEE6F00C68143 /* EndpointManager.swift */,
			);
			path = Manager;
			sourceTree = "<group>";
		};
		2470ECF1201FF0AC00C68143 /* Network */ = {
			isa = PBXGroup;
			children = (
				2470ECF9201FF12100C68143 /* HTTP */,
				2470ECFE201FF12100C68143 /* REST */,
				2470ECF2201FF0AC00C68143 /* Callback */,
			);
			path = Network;
			sourceTree = "<group>";
		};
		2470ECF2201FF0AC00C68143 /* Callback */ = {
			isa = PBXGroup;
			children = (
				2470ECF3201FF0AC00C68143 /* BasicRestApiCallback.swift */,
				2470ECF4201FF0AC00C68143 /* QuietBasicRestApiCallback.swift */,
				2470ECF5201FF0AC00C68143 /* SimpleRestApiCallback.swift */,
			);
			path = Callback;
			sourceTree = "<group>";
		};
		2470ECF9201FF12100C68143 /* HTTP */ = {
			isa = PBXGroup;
			children = (
				2470ECFA201FF12100C68143 /* Config */,
			);
			path = HTTP;
			sourceTree = "<group>";
		};
		2470ECFA201FF12100C68143 /* Config */ = {
			isa = PBXGroup;
			children = (
				2470ECFB201FF12100C68143 /* ApplicationHttpClientConfig.swift */,
				2470ECFC201FF12100C68143 /* RestApiVersion.swift */,
			);
			path = Config;
			sourceTree = "<group>";
		};
		2470ECFE201FF12100C68143 /* REST */ = {
			isa = PBXGroup;
			children = (
				2470ECFF201FF12100C68143 /* API */,
				2470ED07201FF12100C68143 /* Interceptor */,
			);
			path = REST;
			sourceTree = "<group>";
		};
		2470ECFF201FF12100C68143 /* API */ = {
			isa = PBXGroup;
			children = (
				2470ED02201FF12100C68143 /* Protocols */,
				2470ED04201FF12100C68143 /* Response */,
			);
			path = API;
			sourceTree = "<group>";
		};
		2470ED02201FF12100C68143 /* Protocols */ = {
			isa = PBXGroup;
			children = (
				2470ED03201FF12100C68143 /* RelationTaskProtocol.swift */,
			);
			path = Protocols;
			sourceTree = "<group>";
		};
		2470ED04201FF12100C68143 /* Response */ = {
			isa = PBXGroup;
			children = (
				2470ED05201FF12100C68143 /* Error */,
			);
			path = Response;
			sourceTree = "<group>";
		};
		2470ED05201FF12100C68143 /* Error */ = {
			isa = PBXGroup;
			children = (
				2470ED06201FF12100C68143 /* AuthorizationError.swift */,
			);
			path = Error;
			sourceTree = "<group>";
		};
		2470ED07201FF12100C68143 /* Interceptor */ = {
			isa = PBXGroup;
			children = (
				2470ED08201FF12100C68143 /* ApiVersionRequestInterceptor.swift */,
			);
			path = Interceptor;
			sourceTree = "<group>";
		};
		2470ED11201FF20C00C68143 /* AlertView */ = {
			isa = PBXGroup;
			children = (
				2470ED12201FF20C00C68143 /* AlertViewActionHandler.swift */,
				2470ED13201FF20C00C68143 /* AlertViewManager+RestApiError.swift */,
				2470ED14201FF20C00C68143 /* AlertViewManager.swift */,
				2470ED16201FF20C00C68143 /* ProgressHUDActionHandler.swift */,
			);
			path = AlertView;
			sourceTree = "<group>";
		};
		2470ED1C201FF2C700C68143 /* Localization */ = {
			isa = PBXGroup;
			children = (
				2470ED1D201FF2C700C68143 /* Localizable.strings */,
				2470ED1F201FF2C700C68143 /* Localization+Alert.strings */,
				2470ED21201FF2C700C68143 /* Localization+Button.strings */,
				2470ED23201FF2C700C68143 /* Localization+Label.strings */,
				2470ED25201FF2C700C68143 /* Localization+TextField.strings */,
				2470ED27201FF2C700C68143 /* Localization+Title.strings */,
				2470ED29201FF2C700C68143 /* Localization+UI.strings */,
			);
			path = Localization;
			sourceTree = "<group>";
		};
		2489C4A62022775100C7A150 /* UI */ = {
			isa = PBXGroup;
			children = (
				2489C4A72022777300C7A150 /* Screen */,
			);
			path = UI;
			sourceTree = "<group>";
		};
		2489C4A72022777300C7A150 /* Screen */ = {
			isa = PBXGroup;
			children = (
				2489C4B62022789500C7A150 /* FindOut */,
				2489C4A8202277CB00C7A150 /* Top */,
			);
			path = Screen;
			sourceTree = "<group>";
		};
		2489C4A8202277CB00C7A150 /* Top */ = {
			isa = PBXGroup;
			children = (
				2489C4A9202277CB00C7A150 /* Controllers */,
				2489C4AB202277CB00C7A150 /* Models */,
				2489C4AD202277CB00C7A150 /* Resources */,
				2489C4AE202277CB00C7A150 /* ViewModels */,
				2489C4B0202277CB00C7A150 /* Views */,
			);
			path = Top;
			sourceTree = "<group>";
		};
		2489C4A9202277CB00C7A150 /* Controllers */ = {
			isa = PBXGroup;
			children = (
				2489C4AA202277CB00C7A150 /* TopController.swift */,
			);
			path = Controllers;
			sourceTree = "<group>";
		};
		2489C4AB202277CB00C7A150 /* Models */ = {
			isa = PBXGroup;
			children = (
				2489C4AC202277CB00C7A150 /* .keep */,
			);
			path = Models;
			sourceTree = "<group>";
		};
		2489C4AD202277CB00C7A150 /* Resources */ = {
			isa = PBXGroup;
			children = (
			);
			path = Resources;
			sourceTree = "<group>";
		};
		2489C4AE202277CB00C7A150 /* ViewModels */ = {
			isa = PBXGroup;
			children = (
				2489C4AF202277CB00C7A150 /* .keep */,
			);
			path = ViewModels;
			sourceTree = "<group>";
		};
		2489C4B0202277CB00C7A150 /* Views */ = {
			isa = PBXGroup;
			children = (
				2489C4B1202277CB00C7A150 /* .keep */,
			);
			path = Views;
			sourceTree = "<group>";
		};
		2489C4B62022789500C7A150 /* FindOut */ = {
			isa = PBXGroup;
			children = (
				2489C4B72022789500C7A150 /* Controllers */,
				2489C4B92022789500C7A150 /* Models */,
				2489C4BB2022789500C7A150 /* Resources */,
				2489C4BC2022789500C7A150 /* ViewModels */,
				2489C4BE2022789500C7A150 /* Views */,
			);
			path = FindOut;
			sourceTree = "<group>";
		};
		2489C4B72022789500C7A150 /* Controllers */ = {
			isa = PBXGroup;
			children = (
				2489C4B82022789500C7A150 /* FindOutController.swift */,
			);
			path = Controllers;
			sourceTree = "<group>";
		};
		2489C4B92022789500C7A150 /* Models */ = {
			isa = PBXGroup;
			children = (
				2489C4BA2022789500C7A150 /* .keep */,
			);
			path = Models;
			sourceTree = "<group>";
		};
		2489C4BB2022789500C7A150 /* Resources */ = {
			isa = PBXGroup;
			children = (
				2489C4C420227A4600C7A150 /* UnionStringCell.xib */,
			);
			path = Resources;
			sourceTree = "<group>";
		};
		2489C4BC2022789500C7A150 /* ViewModels */ = {
			isa = PBXGroup;
			children = (
				2489C4BD2022789500C7A150 /* .keep */,
			);
			path = ViewModels;
			sourceTree = "<group>";
		};
		2489C4BE2022789500C7A150 /* Views */ = {
			isa = PBXGroup;
			children = (
				2489C4C620227B0000C7A150 /* UnionStringCell.swift */,
				2489C4BF2022789500C7A150 /* .keep */,
			);
			path = Views;
			sourceTree = "<group>";
		};
		2489C4C820227EF800C7A150 /* Extension */ = {
			isa = PBXGroup;
			children = (
				2489C4C920227EF800C7A150 /* UIKit */,
			);
			path = Extension;
			sourceTree = "<group>";
		};
		2489C4C920227EF800C7A150 /* UIKit */ = {
			isa = PBXGroup;
			children = (
				2489C4D220227F3B00C7A150 /* UIColor.swift */,
				2489C4D820227F3C00C7A150 /* UIDevice.swift */,
				2489C4D420227F3B00C7A150 /* UITableViewHeaderFooterView.swift */,
				2489C4D620227F3C00C7A150 /* UIView+AutoLayoutHide.swift */,
				2489C4CA20227EF800C7A150 /* UITableView.swift */,
				2489C4CB20227EF800C7A150 /* UITableViewCell.swift */,
				2489C4D020227F1C00C7A150 /* UIView.swift */,
				2489C4CC20227EF800C7A150 /* UIViewController.swift */,
			);
			path = UIKit;
			sourceTree = "<group>";
		};
		447FDCCFD655BA1B38BA4E00 /* Pods */ = {
			isa = PBXGroup;
			children = (
				CC8808CF34A0ABC272756C29 /* Pods-Irby1-Irby.debug.xcconfig */,
				48A7F23EA100D1433E647C47 /* Pods-Irby1-Irby.release.xcconfig */,
				520D040051B9F4C66A6046EB /* Pods-Irby.Translation-Irby.debug.xcconfig */,
				7B4DBEF8355C89C84D4B9322 /* Pods-Irby.Translation-Irby.release.xcconfig */,
			);
			name = Pods;
			sourceTree = "<group>";
		};
		4B2F7F681DF362EF00E772CB = {
			isa = PBXGroup;
			children = (
				2470ECD3201FEE6F00C68143 /* Sources */,
				2470ECD0201FEE6F00C68143 /* Resources */,
				4B2F7F721DF362F000E772CB /* Products */,
				447FDCCFD655BA1B38BA4E00 /* Pods */,
				B1AD0662BDCC34653F5FD2CD /* Frameworks */,
			);
			sourceTree = "<group>";
		};
		4B2F7F721DF362F000E772CB /* Products */ = {
			isa = PBXGroup;
			children = (
				4B2F7F711DF362F000E772CB /* Irby.app */,
			);
			name = Products;
			sourceTree = "<group>";
		};
		B1AD0662BDCC34653F5FD2CD /* Frameworks */ = {
			isa = PBXGroup;
			children = (
				2470ED46201FF75700C68143 /* libIrbyCoreEntities.a */,
				2470ED44201FF75300C68143 /* libIrbyCoreNet.a */,
				2470ECCF201FECAD00C68143 /* libIrbyCoreNet.a */,
				2470ECCB201FE78000C68143 /* libIrby.Core.Entities.a */,
				2470ECC9201FE77D00C68143 /* libIrby.Core.Net.a */,
				2470EC25201FE3D900C68143 /* Pods_Irby_Core_Net.framework */,
				2470EC23201FE3D100C68143 /* Pods_Irby_Core_Entities.framework */,
				B055F5AB9AE9E3A6DC49651B /* Pods_Irby1_Irby.framework */,
				E84F3DFEB4EB4E505178A9FE /* Pods_Irby_Translation_Irby.framework */,
			);
			name = Frameworks;
			sourceTree = "<group>";
		};
/* End PBXGroup section */

/* Begin PBXNativeTarget section */
		4B2F7F701DF362F000E772CB /* Irby */ = {
			isa = PBXNativeTarget;
			buildConfigurationList = 4B2F7F851DF362F000E772CB /* Build configuration list for PBXNativeTarget "Irby" */;
			buildPhases = (
				0EF702FBB366DAC8A0F994DA /* [CP] Check Pods Manifest.lock */,
				2470ED40201FF31800C68143 /* R.swift code generation */,
				4B2F7F6D1DF362F000E772CB /* Sources */,
				4B2F7F6E1DF362F000E772CB /* Frameworks */,
				4B2F7F6F1DF362F000E772CB /* Resources */,
				888D21E1325891DEF932EAD2 /* [CP] Embed Pods Frameworks */,
				9CB7B8294DA32F7047B0D918 /* [CP] Copy Pods Resources */,
			);
			buildRules = (
			);
			dependencies = (
			);
			name = Irby;
			productName = Irby;
			productReference = 4B2F7F711DF362F000E772CB /* Irby.app */;
			productType = "com.apple.product-type.application";
		};
/* End PBXNativeTarget section */

/* Begin PBXProject section */
		4B2F7F691DF362EF00E772CB /* Project object */ = {
			isa = PBXProject;
			attributes = {
				LastSwiftUpdateCheck = 0810;
				LastUpgradeCheck = 0920;
				ORGANIZATIONNAME = "Vladimir Semakov";
				TargetAttributes = {
					4B2F7F701DF362F000E772CB = {
						CreatedOnToolsVersion = 8.1;
						DevelopmentTeam = 89TQ2GF24K;
						LastSwiftMigration = 0820;
						ProvisioningStyle = Automatic;
					};
				};
			};
			buildConfigurationList = 4B2F7F6C1DF362EF00E772CB /* Build configuration list for PBXProject "Irby" */;
			compatibilityVersion = "Xcode 3.2";
			developmentRegion = English;
			hasScannedForEncodings = 0;
			knownRegions = (
				en,
				Base,
				lv,
			);
			mainGroup = 4B2F7F681DF362EF00E772CB;
			productRefGroup = 4B2F7F721DF362F000E772CB /* Products */;
			projectDirPath = "";
			projectRoot = "";
			targets = (
				4B2F7F701DF362F000E772CB /* Irby */,
			);
		};
/* End PBXProject section */

/* Begin PBXResourcesBuildPhase section */
		4B2F7F6F1DF362F000E772CB /* Resources */ = {
			isa = PBXResourcesBuildPhase;
			buildActionMask = 2147483647;
			files = (
				2489C4C22022789500C7A150 /* .keep in Resources */,
				2489C4B4202277CB00C7A150 /* .keep in Resources */,
				2489C4B3202277CB00C7A150 /* .keep in Resources */,
				2470ECE9201FEE6F00C68143 /* LaunchScreen.storyboard in Resources */,
				2470ED3A201FF2C800C68143 /* Localization+Alert.strings in Resources */,
				2470ED3E201FF2C800C68143 /* Localization+Title.strings in Resources */,
				2470ED39201FF2C800C68143 /* Localizable.strings in Resources */,
				2489C4C12022789500C7A150 /* .keep in Resources */,
				2489C4C520227A4600C7A150 /* UnionStringCell.xib in Resources */,
				2489C4C32022789500C7A150 /* .keep in Resources */,
				2470ED3B201FF2C800C68143 /* Localization+Button.strings in Resources */,
				2470ED3F201FF2C800C68143 /* Localization+UI.strings in Resources */,
				2470ED3D201FF2C800C68143 /* Localization+TextField.strings in Resources */,
				2470ECE4201FEE6F00C68143 /* Assets.xcassets in Resources */,
				2489C4B5202277CB00C7A150 /* .keep in Resources */,
				2470ED3C201FF2C800C68143 /* Localization+Label.strings in Resources */,
				2470ECEA201FEE6F00C68143 /* Main.storyboard in Resources */,
			);
			runOnlyForDeploymentPostprocessing = 0;
		};
/* End PBXResourcesBuildPhase section */

/* Begin PBXShellScriptBuildPhase section */
		0EF702FBB366DAC8A0F994DA /* [CP] Check Pods Manifest.lock */ = {
			isa = PBXShellScriptBuildPhase;
			buildActionMask = 2147483647;
			files = (
			);
			inputPaths = (
				"${PODS_PODFILE_DIR_PATH}/Podfile.lock",
				"${PODS_ROOT}/Manifest.lock",
			);
			name = "[CP] Check Pods Manifest.lock";
			outputPaths = (
				"$(DERIVED_FILE_DIR)/Pods-Irby.Translation-Irby-checkManifestLockResult.txt",
			);
			runOnlyForDeploymentPostprocessing = 0;
			shellPath = /bin/sh;
			shellScript = "diff \"${PODS_PODFILE_DIR_PATH}/Podfile.lock\" \"${PODS_ROOT}/Manifest.lock\" > /dev/null\nif [ $? != 0 ] ; then\n    # print error to STDERR\n    echo \"error: The sandbox is not in sync with the Podfile.lock. Run 'pod install' or update your CocoaPods installation.\" >&2\n    exit 1\nfi\n# This output is used by Xcode 'outputs' to avoid re-running this script phase.\necho \"SUCCESS\" > \"${SCRIPT_OUTPUT_FILE_0}\"\n";
			showEnvVarsInLog = 0;
		};
		2470ED40201FF31800C68143 /* R.swift code generation */ = {
			isa = PBXShellScriptBuildPhase;
			buildActionMask = 2147483647;
			files = (
			);
			inputPaths = (
			);
			name = "R.swift code generation";
			outputPaths = (
			);
			runOnlyForDeploymentPostprocessing = 0;
			shellPath = /bin/sh;
			shellScript = "\"$PODS_ROOT/R.swift/rswift\" generate \"$SRCROOT/../Application/Resources\"";
		};
		888D21E1325891DEF932EAD2 /* [CP] Embed Pods Frameworks */ = {
			isa = PBXShellScriptBuildPhase;
			buildActionMask = 2147483647;
			files = (
			);
			inputPaths = (
				"${SRCROOT}/../../../CocoaPods/Pods/Target Support Files/Pods-Irby.Translation-Irby/Pods-Irby.Translation-Irby-frameworks.sh",
				"${BUILT_PRODUCTS_DIR}/CryptoSwift/CryptoSwift.framework",
				"${BUILT_PRODUCTS_DIR}/Dispatch/DispatchFramework.framework",
				"${BUILT_PRODUCTS_DIR}/Kanna/Kanna.framework",
				"${BUILT_PRODUCTS_DIR}/Alamofire/Alamofire.framework",
				"${BUILT_PRODUCTS_DIR}/GzipSwift/Gzip.framework",
				"${BUILT_PRODUCTS_DIR}/SwiftyJSON/SwiftyJSON.framework",
				"${BUILT_PRODUCTS_DIR}/MBProgressHUD/MBProgressHUD.framework",
				"${BUILT_PRODUCTS_DIR}/PureLayout/PureLayout.framework",
				"${BUILT_PRODUCTS_DIR}/R.swift.Library/Rswift.framework",
			);
			name = "[CP] Embed Pods Frameworks";
			outputPaths = (
				"${TARGET_BUILD_DIR}/${FRAMEWORKS_FOLDER_PATH}/CryptoSwift.framework",
				"${TARGET_BUILD_DIR}/${FRAMEWORKS_FOLDER_PATH}/DispatchFramework.framework",
				"${TARGET_BUILD_DIR}/${FRAMEWORKS_FOLDER_PATH}/Kanna.framework",
				"${TARGET_BUILD_DIR}/${FRAMEWORKS_FOLDER_PATH}/Alamofire.framework",
				"${TARGET_BUILD_DIR}/${FRAMEWORKS_FOLDER_PATH}/Gzip.framework",
				"${TARGET_BUILD_DIR}/${FRAMEWORKS_FOLDER_PATH}/SwiftyJSON.framework",
				"${TARGET_BUILD_DIR}/${FRAMEWORKS_FOLDER_PATH}/MBProgressHUD.framework",
				"${TARGET_BUILD_DIR}/${FRAMEWORKS_FOLDER_PATH}/PureLayout.framework",
				"${TARGET_BUILD_DIR}/${FRAMEWORKS_FOLDER_PATH}/Rswift.framework",
			);
			runOnlyForDeploymentPostprocessing = 0;
			shellPath = /bin/sh;
			shellScript = "\"${SRCROOT}/../../../CocoaPods/Pods/Target Support Files/Pods-Irby.Translation-Irby/Pods-Irby.Translation-Irby-frameworks.sh\"\n";
			showEnvVarsInLog = 0;
		};
		9CB7B8294DA32F7047B0D918 /* [CP] Copy Pods Resources */ = {
			isa = PBXShellScriptBuildPhase;
			buildActionMask = 2147483647;
			files = (
			);
			inputPaths = (
			);
			name = "[CP] Copy Pods Resources";
			outputPaths = (
			);
			runOnlyForDeploymentPostprocessing = 0;
			shellPath = /bin/sh;
			shellScript = "\"${SRCROOT}/../../../CocoaPods/Pods/Target Support Files/Pods-Irby.Translation-Irby/Pods-Irby.Translation-Irby-resources.sh\"\n";
			showEnvVarsInLog = 0;
		};
/* End PBXShellScriptBuildPhase section */

/* Begin PBXSourcesBuildPhase section */
		4B2F7F6D1DF362F000E772CB /* Sources */ = {
			isa = PBXSourcesBuildPhase;
			buildActionMask = 2147483647;
			files = (
				2489C4D120227F1D00C7A150 /* UIView.swift in Sources */,
				2470ED0F201FF12100C68143 /* AuthorizationError.swift in Sources */,
				2470ED18201FF20C00C68143 /* AlertViewManager+RestApiError.swift in Sources */,
				2470ED17201FF20C00C68143 /* AlertViewActionHandler.swift in Sources */,
				2470ECEE201FEE6F00C68143 /* SongController.swift in Sources */,
				2489C4DE20227F3C00C7A150 /* UIView+AutoLayoutHide.swift in Sources */,
				2489C4CF20227EF900C7A150 /* UIViewController.swift in Sources */,
				2470ECEC201FEE6F00C68143 /* Commons.swift in Sources */,
				2489C4C02022789500C7A150 /* FindOutController.swift in Sources */,
				2470ED0A201FF12100C68143 /* RestApiVersion.swift in Sources */,
				2470ECF8201FF0AC00C68143 /* SimpleRestApiCallback.swift in Sources */,
				2470ED10201FF12100C68143 /* ApiVersionRequestInterceptor.swift in Sources */,
				2489C4CE20227EF900C7A150 /* UITableViewCell.swift in Sources */,
				2470ED42201FF3D200C68143 /* R.generated.swift in Sources */,
				2489C4E020227F3C00C7A150 /* UIDevice.swift in Sources */,
				2489C4C720227B0000C7A150 /* UnionStringCell.swift in Sources */,
				2489C4DC20227F3C00C7A150 /* UITableViewHeaderFooterView.swift in Sources */,
				2470ECE8201FEE6F00C68143 /* ArtistsViewController.swift in Sources */,
				2470ECF7201FF0AC00C68143 /* QuietBasicRestApiCallback.swift in Sources */,
				2489C4B2202277CB00C7A150 /* TopController.swift in Sources */,
				2470ED19201FF20C00C68143 /* AlertViewManager.swift in Sources */,
				2470ECEF201FEE6F00C68143 /* SplashScreenController.swift in Sources */,
				2470ECF6201FF0AC00C68143 /* BasicRestApiCallback.swift in Sources */,
				2470ECE7201FEE6F00C68143 /* EndpointManager.swift in Sources */,
				2489C4CD20227EF900C7A150 /* UITableView.swift in Sources */,
				2489C4DA20227F3C00C7A150 /* UIColor.swift in Sources */,
				2470ED0E201FF12100C68143 /* RelationTaskProtocol.swift in Sources */,
				2470ECE6201FEE6F00C68143 /* AppDelegate.swift in Sources */,
				2470ED1B201FF20C00C68143 /* ProgressHUDActionHandler.swift in Sources */,
				2470ED09201FF12100C68143 /* ApplicationHttpClientConfig.swift in Sources */,
			);
			runOnlyForDeploymentPostprocessing = 0;
		};
/* End PBXSourcesBuildPhase section */

/* Begin PBXVariantGroup section */
		2470ECD9201FEE6F00C68143 /* LaunchScreen.storyboard */ = {
			isa = PBXVariantGroup;
			children = (
				2470ECDA201FEE6F00C68143 /* Base */,
			);
			name = LaunchScreen.storyboard;
			sourceTree = "<group>";
		};
		2470ECDB201FEE6F00C68143 /* Main.storyboard */ = {
			isa = PBXVariantGroup;
			children = (
				2470ECDC201FEE6F00C68143 /* Base */,
			);
			name = Main.storyboard;
			sourceTree = "<group>";
		};
		2470ECDD201FEE6F00C68143 /* untitled */ = {
			isa = PBXVariantGroup;
			children = (
				2470ECDE201FEE6F00C68143 /* Base */,
			);
			name = untitled;
			sourceTree = "<group>";
		};
		2470ED1D201FF2C700C68143 /* Localizable.strings */ = {
			isa = PBXVariantGroup;
			children = (
				2470ED1E201FF2C700C68143 /* Base */,
				2470ED2B201FF2C700C68143 /* en */,
			);
			name = Localizable.strings;
			sourceTree = "<group>";
		};
		2470ED1F201FF2C700C68143 /* Localization+Alert.strings */ = {
			isa = PBXVariantGroup;
			children = (
				2470ED20201FF2C700C68143 /* Base */,
				2470ED2C201FF2C700C68143 /* en */,
			);
			name = "Localization+Alert.strings";
			sourceTree = "<group>";
		};
		2470ED21201FF2C700C68143 /* Localization+Button.strings */ = {
			isa = PBXVariantGroup;
			children = (
				2470ED22201FF2C700C68143 /* Base */,
				2470ED2D201FF2C700C68143 /* en */,
			);
			name = "Localization+Button.strings";
			sourceTree = "<group>";
		};
		2470ED23201FF2C700C68143 /* Localization+Label.strings */ = {
			isa = PBXVariantGroup;
			children = (
				2470ED24201FF2C700C68143 /* Base */,
				2470ED2E201FF2C700C68143 /* en */,
			);
			name = "Localization+Label.strings";
			sourceTree = "<group>";
		};
		2470ED25201FF2C700C68143 /* Localization+TextField.strings */ = {
			isa = PBXVariantGroup;
			children = (
				2470ED26201FF2C700C68143 /* Base */,
				2470ED2F201FF2C700C68143 /* en */,
			);
			name = "Localization+TextField.strings";
			sourceTree = "<group>";
		};
		2470ED27201FF2C700C68143 /* Localization+Title.strings */ = {
			isa = PBXVariantGroup;
			children = (
				2470ED28201FF2C700C68143 /* Base */,
				2470ED30201FF2C700C68143 /* en */,
			);
			name = "Localization+Title.strings";
			sourceTree = "<group>";
		};
		2470ED29201FF2C700C68143 /* Localization+UI.strings */ = {
			isa = PBXVariantGroup;
			children = (
				2470ED2A201FF2C700C68143 /* Base */,
				2470ED31201FF2C700C68143 /* en */,
			);
			name = "Localization+UI.strings";
			sourceTree = "<group>";
		};
/* End PBXVariantGroup section */

/* Begin XCBuildConfiguration section */
		4B2F7F831DF362F000E772CB /* Debug */ = {
			isa = XCBuildConfiguration;
			buildSettings = {
				ALWAYS_SEARCH_USER_PATHS = NO;
				CLANG_ANALYZER_LOCALIZABILITY_NONLOCALIZED = YES;
				CLANG_ANALYZER_NONNULL = YES;
				CLANG_CXX_LANGUAGE_STANDARD = "gnu++0x";
				CLANG_CXX_LIBRARY = "libc++";
				CLANG_ENABLE_MODULES = YES;
				CLANG_ENABLE_OBJC_ARC = YES;
				CLANG_WARN_BLOCK_CAPTURE_AUTORELEASING = YES;
				CLANG_WARN_BOOL_CONVERSION = YES;
				CLANG_WARN_COMMA = YES;
				CLANG_WARN_CONSTANT_CONVERSION = YES;
				CLANG_WARN_DIRECT_OBJC_ISA_USAGE = YES_ERROR;
				CLANG_WARN_DOCUMENTATION_COMMENTS = YES;
				CLANG_WARN_EMPTY_BODY = YES;
				CLANG_WARN_ENUM_CONVERSION = YES;
				CLANG_WARN_INFINITE_RECURSION = YES;
				CLANG_WARN_INT_CONVERSION = YES;
				CLANG_WARN_NON_LITERAL_NULL_CONVERSION = YES;
				CLANG_WARN_OBJC_LITERAL_CONVERSION = YES;
				CLANG_WARN_OBJC_ROOT_CLASS = YES_ERROR;
				CLANG_WARN_RANGE_LOOP_ANALYSIS = YES;
				CLANG_WARN_STRICT_PROTOTYPES = YES;
				CLANG_WARN_SUSPICIOUS_MOVE = YES;
				CLANG_WARN_SUSPICIOUS_MOVES = YES;
				CLANG_WARN_UNREACHABLE_CODE = YES;
				CLANG_WARN__DUPLICATE_METHOD_MATCH = YES;
				"CODE_SIGN_IDENTITY[sdk=iphoneos*]" = "iPhone Developer";
				COPY_PHASE_STRIP = NO;
				DEBUG_INFORMATION_FORMAT = dwarf;
				ENABLE_STRICT_OBJC_MSGSEND = YES;
				ENABLE_TESTABILITY = YES;
				GCC_C_LANGUAGE_STANDARD = gnu99;
				GCC_DYNAMIC_NO_PIC = NO;
				GCC_NO_COMMON_BLOCKS = YES;
				GCC_OPTIMIZATION_LEVEL = 0;
				GCC_PREPROCESSOR_DEFINITIONS = (
					"DEBUG=1",
					"$(inherited)",
				);
				GCC_WARN_64_TO_32_BIT_CONVERSION = YES;
				GCC_WARN_ABOUT_RETURN_TYPE = YES_ERROR;
				GCC_WARN_UNDECLARED_SELECTOR = YES;
				GCC_WARN_UNINITIALIZED_AUTOS = YES_AGGRESSIVE;
				GCC_WARN_UNUSED_FUNCTION = YES;
				GCC_WARN_UNUSED_VARIABLE = YES;
				IPHONEOS_DEPLOYMENT_TARGET = 10.0;
				MTL_ENABLE_DEBUG_INFO = YES;
				ONLY_ACTIVE_ARCH = YES;
				SDKROOT = iphoneos;
				SWIFT_ACTIVE_COMPILATION_CONDITIONS = DEBUG;
				SWIFT_OPTIMIZATION_LEVEL = "-Onone";
				SWIFT_VERSION = 4.0;
				TARGETED_DEVICE_FAMILY = "1,2";
			};
			name = Debug;
		};
		4B2F7F841DF362F000E772CB /* Release */ = {
			isa = XCBuildConfiguration;
			buildSettings = {
				ALWAYS_SEARCH_USER_PATHS = NO;
				CLANG_ANALYZER_LOCALIZABILITY_NONLOCALIZED = YES;
				CLANG_ANALYZER_NONNULL = YES;
				CLANG_CXX_LANGUAGE_STANDARD = "gnu++0x";
				CLANG_CXX_LIBRARY = "libc++";
				CLANG_ENABLE_MODULES = YES;
				CLANG_ENABLE_OBJC_ARC = YES;
				CLANG_WARN_BLOCK_CAPTURE_AUTORELEASING = YES;
				CLANG_WARN_BOOL_CONVERSION = YES;
				CLANG_WARN_COMMA = YES;
				CLANG_WARN_CONSTANT_CONVERSION = YES;
				CLANG_WARN_DIRECT_OBJC_ISA_USAGE = YES_ERROR;
				CLANG_WARN_DOCUMENTATION_COMMENTS = YES;
				CLANG_WARN_EMPTY_BODY = YES;
				CLANG_WARN_ENUM_CONVERSION = YES;
				CLANG_WARN_INFINITE_RECURSION = YES;
				CLANG_WARN_INT_CONVERSION = YES;
				CLANG_WARN_NON_LITERAL_NULL_CONVERSION = YES;
				CLANG_WARN_OBJC_LITERAL_CONVERSION = YES;
				CLANG_WARN_OBJC_ROOT_CLASS = YES_ERROR;
				CLANG_WARN_RANGE_LOOP_ANALYSIS = YES;
				CLANG_WARN_STRICT_PROTOTYPES = YES;
				CLANG_WARN_SUSPICIOUS_MOVE = YES;
				CLANG_WARN_SUSPICIOUS_MOVES = YES;
				CLANG_WARN_UNREACHABLE_CODE = YES;
				CLANG_WARN__DUPLICATE_METHOD_MATCH = YES;
				"CODE_SIGN_IDENTITY[sdk=iphoneos*]" = "iPhone Developer";
				COPY_PHASE_STRIP = NO;
				DEBUG_INFORMATION_FORMAT = "dwarf-with-dsym";
				ENABLE_NS_ASSERTIONS = NO;
				ENABLE_STRICT_OBJC_MSGSEND = YES;
				GCC_C_LANGUAGE_STANDARD = gnu99;
				GCC_NO_COMMON_BLOCKS = YES;
				GCC_WARN_64_TO_32_BIT_CONVERSION = YES;
				GCC_WARN_ABOUT_RETURN_TYPE = YES_ERROR;
				GCC_WARN_UNDECLARED_SELECTOR = YES;
				GCC_WARN_UNINITIALIZED_AUTOS = YES_AGGRESSIVE;
				GCC_WARN_UNUSED_FUNCTION = YES;
				GCC_WARN_UNUSED_VARIABLE = YES;
				IPHONEOS_DEPLOYMENT_TARGET = 10.0;
				MTL_ENABLE_DEBUG_INFO = NO;
				SDKROOT = iphoneos;
				SWIFT_OPTIMIZATION_LEVEL = "-Owholemodule";
				SWIFT_VERSION = 4.0;
				TARGETED_DEVICE_FAMILY = "1,2";
				VALIDATE_PRODUCT = YES;
			};
			name = Release;
		};
		4B2F7F861DF362F000E772CB /* Debug */ = {
			isa = XCBuildConfiguration;
			baseConfigurationReference = 520D040051B9F4C66A6046EB /* Pods-Irby.Translation-Irby.debug.xcconfig */;
			buildSettings = {
				ASSETCATALOG_COMPILER_APPICON_NAME = AppIcon;
				DEVELOPMENT_TEAM = 89TQ2GF24K;
				INFOPLIST_FILE = "$(SRCROOT)/Resources/Info.plist";
				IPHONEOS_DEPLOYMENT_TARGET = 10.0;
				LD_RUNPATH_SEARCH_PATHS = "$(inherited) @executable_path/Frameworks";
				PRODUCT_BUNDLE_IDENTIFIER = com.vladimirsemakov.Irby;
				PRODUCT_NAME = "$(TARGET_NAME)";
				SWIFT_VERSION = 4.0;
			};
			name = Debug;
		};
		4B2F7F871DF362F000E772CB /* Release */ = {
			isa = XCBuildConfiguration;
			baseConfigurationReference = 7B4DBEF8355C89C84D4B9322 /* Pods-Irby.Translation-Irby.release.xcconfig */;
			buildSettings = {
				ASSETCATALOG_COMPILER_APPICON_NAME = AppIcon;
				DEVELOPMENT_TEAM = 89TQ2GF24K;
				INFOPLIST_FILE = "$(SRCROOT)/Resources/Info.plist";
				IPHONEOS_DEPLOYMENT_TARGET = 10.0;
				LD_RUNPATH_SEARCH_PATHS = "$(inherited) @executable_path/Frameworks";
				PRODUCT_BUNDLE_IDENTIFIER = com.vladimirsemakov.Irby;
				PRODUCT_NAME = "$(TARGET_NAME)";
				SWIFT_VERSION = 4.0;
			};
			name = Release;
		};
/* End XCBuildConfiguration section */

/* Begin XCConfigurationList section */
		4B2F7F6C1DF362EF00E772CB /* Build configuration list for PBXProject "Irby" */ = {
			isa = XCConfigurationList;
			buildConfigurations = (
				4B2F7F831DF362F000E772CB /* Debug */,
				4B2F7F841DF362F000E772CB /* Release */,
			);
			defaultConfigurationIsVisible = 0;
			defaultConfigurationName = Release;
		};
		4B2F7F851DF362F000E772CB /* Build configuration list for PBXNativeTarget "Irby" */ = {
			isa = XCConfigurationList;
			buildConfigurations = (
				4B2F7F861DF362F000E772CB /* Debug */,
				4B2F7F871DF362F000E772CB /* Release */,
			);
			defaultConfigurationIsVisible = 0;
			defaultConfigurationName = Release;
		};
/* End XCConfigurationList section */
	};
	rootObject = 4B2F7F691DF362EF00E772CB /* Project object */;
}
